Microsoft Visual Studio Solution File, Format Version 11.00
# Visual Studio 2008

Project("{DEDA2644-7203-D937-6C87-D740055F0F92}") = "FishGame", "Assembly-CSharp.csproj", "{10C9036F-2003-B62F-390C-D2F70809A4B3}"
EndProject
Global
	GlobalSection(SolutionConfigurationPlatforms) = preSolution
		Debug|Any CPU = Debug|Any CPU
		Release|Any CPU = Release|Any CPU
	EndGlobalSection
	GlobalSection(ProjectConfigurationPlatforms) = postSolution
		{10C9036F-2003-B62F-390C-D2F70809A4B3}.Debug|Any CPU.ActiveCfg = Debug|Any CPU
		{10C9036F-2003-B62F-390C-D2F70809A4B3}.Debug|Any CPU.Build.0 = Debug|Any CPU
		{10C9036F-2003-B62F-390C-D2F70809A4B3}.Release|Any CPU.ActiveCfg = Release|Any CPU
		{10C9036F-2003-B62F-390C-D2F70809A4B3}.Release|Any CPU.Build.0 = Release|Any CPU
	EndGlobalSection
	GlobalSection(SolutionProperties) = preSolution
		HideSolutionNode = FALSE
	EndGlobalSection
	GlobalSection(MonoDevelopProperties) = preSolution
		StartupItem = Assembly-CSharp.csproj
	EndGlobalSection
EndGlobal
